
Microsoft Visual Studio Solution File, Format Version 11.00
# Visual C++ Express 2010
Project("{8BC9CEB8-8B4A-11D0-8D11-00A0C91BC942}") = "M232csum", "M232csum\M232csum.vcxproj", "{972F0AFF-B484-4056-BEF4-AEABA6AFD718}"
EndProject
Global
	GlobalSection(SolutionConfigurationPlatforms) = preSolution
		Debug|Win32 = Debug|Win32
		Release|Win32 = Release|Win32
	EndGlobalSection
	GlobalSection(ProjectConfigurationPlatforms) = postSolution
		{972F0AFF-B484-4056-BEF4-AEABA6AFD718}.Debug|Win32.ActiveCfg = Debug|Win32
		{972F0AFF-B484-4056-BEF4-AEABA6AFD718}.Debug|Win32.Build.0 = Debug|Win32
		{972F0AFF-B484-4056-BEF4-AEABA6AFD718}.Release|Win32.ActiveCfg = Release|Win32
		{972F0AFF-B484-4056-BEF4-AEABA6AFD718}.Release|Win32.Build.0 = Release|Win32
	EndGlobalSection
	GlobalSection(SolutionProperties) = preSolution
		HideSolutionNode = FALSE
	EndGlobalSection
EndGlobal
